// !$*UTF8*$!
{
	archiveVersion = 1;
	classes = {
	};
	objectVersion = 55;
	objects = {

/* Begin PBXBuildFile section */
		3AAAA9CD282C45090017389F /* ModifyRecipeView.swift in Sources */ = {isa = PBXBuildFile; fileRef = 3AAAA9CC282C45090017389F /* ModifyRecipeView.swift */; };
		3AAAA9CF282EFC5B0017389F /* ModifyMainInformationView.swift in Sources */ = {isa = PBXBuildFile; fileRef = 3AAAA9CE282EFC5B0017389F /* ModifyMainInformationView.swift */; };
		3AAAA9D1282FA6970017389F /* ModifyIngredientView.swift in Sources */ = {isa = PBXBuildFile; fileRef = 3AAAA9D0282FA6960017389F /* ModifyIngredientView.swift */; };
		3AAAA9D3282FB5B30017389F /* ModifyComponentsView.swift in Sources */ = {isa = PBXBuildFile; fileRef = 3AAAA9D2282FB5B30017389F /* ModifyComponentsView.swift */; };
		3AAAA9D528301DB00017389F /* ModifyDirectionView.swift in Sources */ = {isa = PBXBuildFile; fileRef = 3AAAA9D428301DAF0017389F /* ModifyDirectionView.swift */; };
		3AD2B534282A72BB00EA123D /* recipesBookApp.swift in Sources */ = {isa = PBXBuildFile; fileRef = 3AD2B533282A72BB00EA123D /* recipesBookApp.swift */; };
		3AD2B536282A72BB00EA123D /* RecipesListView.swift in Sources */ = {isa = PBXBuildFile; fileRef = 3AD2B535282A72BB00EA123D /* RecipesListView.swift */; };
		3AD2B538282A72BE00EA123D /* Assets.xcassets in Resources */ = {isa = PBXBuildFile; fileRef = 3AD2B537282A72BE00EA123D /* Assets.xcassets */; };
		3AD2B53B282A72BE00EA123D /* Preview Assets.xcassets in Resources */ = {isa = PBXBuildFile; fileRef = 3AD2B53A282A72BE00EA123D /* Preview Assets.xcassets */; };
		3AD2B542282A739C00EA123D /* Recipe.swift in Sources */ = {isa = PBXBuildFile; fileRef = 3AD2B541282A739C00EA123D /* Recipe.swift */; };
		3AD2B547282A804300EA123D /* RecipeData.swift in Sources */ = {isa = PBXBuildFile; fileRef = 3AD2B546282A804300EA123D /* RecipeData.swift */; };
		3AD2B549282A949600EA123D /* RecipeDetailView.swift in Sources */ = {isa = PBXBuildFile; fileRef = 3AD2B548282A949600EA123D /* RecipeDetailView.swift */; };
		3AD2B54B282A9B5900EA123D /* AppColor.swift in Sources */ = {isa = PBXBuildFile; fileRef = 3AD2B54A282A9B5900EA123D /* AppColor.swift */; };
		3AD2B54D282AEF7400EA123D /* RecipeCategoryGridView.swift in Sources */ = {isa = PBXBuildFile; fileRef = 3AD2B54C282AEF7400EA123D /* RecipeCategoryGridView.swift */; };
/* End PBXBuildFile section */

/* Begin PBXFileReference section */
		3AAAA9CC282C45090017389F /* ModifyRecipeView.swift */ = {isa = PBXFileReference; lastKnownFileType = sourcecode.swift; path = ModifyRecipeView.swift; sourceTree = "<group>"; };
		3AAAA9CE282EFC5B0017389F /* ModifyMainInformationView.swift */ = {isa = PBXFileReference; lastKnownFileType = sourcecode.swift; path = ModifyMainInformationView.swift; sourceTree = "<group>"; };
		3AAAA9D0282FA6960017389F /* ModifyIngredientView.swift */ = {isa = PBXFileReference; lastKnownFileType = sourcecode.swift; path = ModifyIngredientView.swift; sourceTree = "<group>"; };
		3AAAA9D2282FB5B30017389F /* ModifyComponentsView.swift */ = {isa = PBXFileReference; lastKnownFileType = sourcecode.swift; path = ModifyComponentsView.swift; sourceTree = "<group>"; };
		3AAAA9D428301DAF0017389F /* ModifyDirectionView.swift */ = {isa = PBXFileReference; lastKnownFileType = sourcecode.swift; path = ModifyDirectionView.swift; sourceTree = "<group>"; };
		3AD2B530282A72BB00EA123D /* recipesBook.app */ = {isa = PBXFileReference; explicitFileType = wrapper.application; includeInIndex = 0; path = recipesBook.app; sourceTree = BUILT_PRODUCTS_DIR; };
		3AD2B533282A72BB00EA123D /* recipesBookApp.swift */ = {isa = PBXFileReference; lastKnownFileType = sourcecode.swift; path = recipesBookApp.swift; sourceTree = "<group>"; };
		3AD2B535282A72BB00EA123D /* RecipesListView.swift */ = {isa = PBXFileReference; lastKnownFileType = sourcecode.swift; path = RecipesListView.swift; sourceTree = "<group>"; };
		3AD2B537282A72BE00EA123D /* Assets.xcassets */ = {isa = PBXFileReference; lastKnownFileType = folder.assetcatalog; path = Assets.xcassets; sourceTree = "<group>"; };
		3AD2B53A282A72BE00EA123D /* Preview Assets.xcassets */ = {isa = PBXFileReference; lastKnownFileType = folder.assetcatalog; path = "Preview Assets.xcassets"; sourceTree = "<group>"; };
		3AD2B541282A739C00EA123D /* Recipe.swift */ = {isa = PBXFileReference; lastKnownFileType = sourcecode.swift; path = Recipe.swift; sourceTree = "<group>"; };
		3AD2B546282A804300EA123D /* RecipeData.swift */ = {isa = PBXFileReference; lastKnownFileType = sourcecode.swift; path = RecipeData.swift; sourceTree = "<group>"; };
		3AD2B548282A949600EA123D /* RecipeDetailView.swift */ = {isa = PBXFileReference; lastKnownFileType = sourcecode.swift; path = RecipeDetailView.swift; sourceTree = "<group>"; };
		3AD2B54A282A9B5900EA123D /* AppColor.swift */ = {isa = PBXFileReference; lastKnownFileType = sourcecode.swift; path = AppColor.swift; sourceTree = "<group>"; };
		3AD2B54C282AEF7400EA123D /* RecipeCategoryGridView.swift */ = {isa = PBXFileReference; lastKnownFileType = sourcecode.swift; path = RecipeCategoryGridView.swift; sourceTree = "<group>"; };
/* End PBXFileReference section */

/* Begin PBXFrameworksBuildPhase section */
		3AD2B52D282A72BB00EA123D /* Frameworks */ = {
			isa = PBXFrameworksBuildPhase;
			buildActionMask = 2147483647;
			files = (
			);
			runOnlyForDeploymentPostprocessing = 0;
		};
/* End PBXFrameworksBuildPhase section */

/* Begin PBXGroup section */
		3AAAA9CA282C44930017389F /* ExploreRecipes */ = {
			isa = PBXGroup;
			children = (
				3AD2B54C282AEF7400EA123D /* RecipeCategoryGridView.swift */,
				3AD2B535282A72BB00EA123D /* RecipesListView.swift */,
				3AD2B548282A949600EA123D /* RecipeDetailView.swift */,
			);
			path = ExploreRecipes;
			sourceTree = "<group>";
		};
		3AAAA9CB282C44A70017389F /* ModifyRecipes */ = {
			isa = PBXGroup;
			children = (
				3AAAA9CC282C45090017389F /* ModifyRecipeView.swift */,
				3AAAA9CE282EFC5B0017389F /* ModifyMainInformationView.swift */,
				3AAAA9D0282FA6960017389F /* ModifyIngredientView.swift */,
				3AAAA9D2282FB5B30017389F /* ModifyComponentsView.swift */,
				3AAAA9D428301DAF0017389F /* ModifyDirectionView.swift */,
			);
			path = ModifyRecipes;
			sourceTree = "<group>";
		};
		3AD2B527282A72BB00EA123D = {
			isa = PBXGroup;
			children = (
				3AD2B532282A72BB00EA123D /* recipesBook */,
				3AD2B531282A72BB00EA123D /* Products */,
			);
			sourceTree = "<group>";
		};
		3AD2B531282A72BB00EA123D /* Products */ = {
			isa = PBXGroup;
			children = (
				3AD2B530282A72BB00EA123D /* recipesBook.app */,
			);
			name = Products;
			sourceTree = "<group>";
		};
		3AD2B532282A72BB00EA123D /* recipesBook */ = {
			isa = PBXGroup;
			children = (
				3AD2B533282A72BB00EA123D /* recipesBookApp.swift */,
				3AD2B543282A7F8900EA123D /* Views */,
				3AD2B544282A7F9900EA123D /* ViewModels */,
				3AD2B545282A7FA000EA123D /* Models */,
				3AD2B537282A72BE00EA123D /* Assets.xcassets */,
				3AD2B539282A72BE00EA123D /* Preview Content */,
			);
			path = recipesBook;
			sourceTree = "<group>";
		};
		3AD2B539282A72BE00EA123D /* Preview Content */ = {
			isa = PBXGroup;
			children = (
				3AD2B53A282A72BE00EA123D /* Preview Assets.xcassets */,
			);
			path = "Preview Content";
			sourceTree = "<group>";
		};
		3AD2B543282A7F8900EA123D /* Views */ = {
			isa = PBXGroup;
			children = (
				3AAAA9CB282C44A70017389F /* ModifyRecipes */,
				3AAAA9CA282C44930017389F /* ExploreRecipes */,
			);
			path = Views;
			sourceTree = "<group>";
		};
		3AD2B544282A7F9900EA123D /* ViewModels */ = {
			isa = PBXGroup;
			children = (
				3AD2B546282A804300EA123D /* RecipeData.swift */,
				3AD2B54A282A9B5900EA123D /* AppColor.swift */,
			);
			path = ViewModels;
			sourceTree = "<group>";
		};
		3AD2B545282A7FA000EA123D /* Models */ = {
			isa = PBXGroup;
			children = (
				3AD2B541282A739C00EA123D /* Recipe.swift */,
			);
			path = Models;
			sourceTree = "<group>";
		};
/* End PBXGroup section */

/* Begin PBXNativeTarget section */
		3AD2B52F282A72BB00EA123D /* recipesBook */ = {
			isa = PBXNativeTarget;
			buildConfigurationList = 3AD2B53E282A72BE00EA123D /* Build configuration list for PBXNativeTarget "recipesBook" */;
			buildPhases = (
				3AD2B52C282A72BB00EA123D /* Sources */,
				3AD2B52D282A72BB00EA123D /* Frameworks */,
				3AD2B52E282A72BB00EA123D /* Resources */,
			);
			buildRules = (
			);
			dependencies = (
			);
			name = recipesBook;
			productName = recipesBook;
			productReference = 3AD2B530282A72BB00EA123D /* recipesBook.app */;
			productType = "com.apple.product-type.application";
		};
/* End PBXNativeTarget section */

/* Begin PBXProject section */
		3AD2B528282A72BB00EA123D /* Project object */ = {
			isa = PBXProject;
			attributes = {
				BuildIndependentTargetsInParallel = 1;
				LastSwiftUpdateCheck = 1330;
				LastUpgradeCheck = 1330;
				TargetAttributes = {
					3AD2B52F282A72BB00EA123D = {
						CreatedOnToolsVersion = 13.3.1;
					};
				};
			};
			buildConfigurationList = 3AD2B52B282A72BB00EA123D /* Build configuration list for PBXProject "recipesBook" */;
			compatibilityVersion = "Xcode 13.0";
			developmentRegion = en;
			hasScannedForEncodings = 0;
			knownRegions = (
				en,
				Base,
			);
			mainGroup = 3AD2B527282A72BB00EA123D;
			productRefGroup = 3AD2B531282A72BB00EA123D /* Products */;
			projectDirPath = "";
			projectRoot = "";
			targets = (
				3AD2B52F282A72BB00EA123D /* recipesBook */,
			);
		};
/* End PBXProject section */

/* Begin PBXResourcesBuildPhase section */
		3AD2B52E282A72BB00EA123D /* Resources */ = {
			isa = PBXResourcesBuildPhase;
			buildActionMask = 2147483647;
			files = (
				3AD2B53B282A72BE00EA123D /* Preview Assets.xcassets in Resources */,
				3AD2B538282A72BE00EA123D /* Assets.xcassets in Resources */,
			);
			runOnlyForDeploymentPostprocessing = 0;
		};
/* End PBXResourcesBuildPhase section */

/* Begin PBXSourcesBuildPhase section */
		3AD2B52C282A72BB00EA123D /* Sources */ = {
			isa = PBXSourcesBuildPhase;
			buildActionMask = 2147483647;
			files = (
				3AD2B542282A739C00EA123D /* Recipe.swift in Sources */,
				3AD2B549282A949600EA123D /* RecipeDetailView.swift in Sources */,
				3AD2B54D282AEF7400EA123D /* RecipeCategoryGridView.swift in Sources */,
				3AD2B547282A804300EA123D /* RecipeData.swift in Sources */,
				3AAAA9D528301DB00017389F /* ModifyDirectionView.swift in Sources */,
				3AAAA9CD282C45090017389F /* ModifyRecipeView.swift in Sources */,
				3AAAA9D3282FB5B30017389F /* ModifyComponentsView.swift in Sources */,
				3AD2B536282A72BB00EA123D /* RecipesListView.swift in Sources */,
				3AD2B534282A72BB00EA123D /* recipesBookApp.swift in Sources */,
				3AAAA9CF282EFC5B0017389F /* ModifyMainInformationView.swift in Sources */,
				3AD2B54B282A9B5900EA123D /* AppColor.swift in Sources */,
				3AAAA9D1282FA6970017389F /* ModifyIngredientView.swift in Sources */,
			);
			runOnlyForDeploymentPostprocessing = 0;
		};
/* End PBXSourcesBuildPhase section */

/* Begin XCBuildConfiguration section */
		3AD2B53C282A72BE00EA123D /* Debug */ = {
			isa = XCBuildConfiguration;
			buildSettings = {
				ALWAYS_SEARCH_USER_PATHS = NO;
				CLANG_ANALYZER_NONNULL = YES;
				CLANG_ANALYZER_NUMBER_OBJECT_CONVERSION = YES_AGGRESSIVE;
				CLANG_CXX_LANGUAGE_STANDARD = "gnu++17";
				CLANG_ENABLE_MODULES = YES;
				CLANG_ENABLE_OBJC_ARC = YES;
				CLANG_ENABLE_OBJC_WEAK = YES;
				CLANG_WARN_BLOCK_CAPTURE_AUTORELEASING = YES;
				CLANG_WARN_BOOL_CONVERSION = YES;
				CLANG_WARN_COMMA = YES;
				CLANG_WARN_CONSTANT_CONVERSION = YES;
				CLANG_WARN_DEPRECATED_OBJC_IMPLEMENTATIONS = YES;
				CLANG_WARN_DIRECT_OBJC_ISA_USAGE = YES_ERROR;
				CLANG_WARN_DOCUMENTATION_COMMENTS = YES;
				CLANG_WARN_EMPTY_BODY = YES;
				CLANG_WARN_ENUM_CONVERSION = YES;
				CLANG_WARN_INFINITE_RECURSION = YES;
				CLANG_WARN_INT_CONVERSION = YES;
				CLANG_WARN_NON_LITERAL_NULL_CONVERSION = YES;
				CLANG_WARN_OBJC_IMPLICIT_RETAIN_SELF = YES;
				CLANG_WARN_OBJC_LITERAL_CONVERSION = YES;
				CLANG_WARN_OBJC_ROOT_CLASS = YES_ERROR;
				CLANG_WARN_QUOTED_INCLUDE_IN_FRAMEWORK_HEADER = YES;
				CLANG_WARN_RANGE_LOOP_ANALYSIS = YES;
				CLANG_WARN_STRICT_PROTOTYPES = YES;
				CLANG_WARN_SUSPICIOUS_MOVE = YES;
				CLANG_WARN_UNGUARDED_AVAILABILITY = YES_AGGRESSIVE;
				CLANG_WARN_UNREACHABLE_CODE = YES;
				CLANG_WARN__DUPLICATE_METHOD_MATCH = YES;
				COPY_PHASE_STRIP = NO;
				DEBUG_INFORMATION_FORMAT = dwarf;
				ENABLE_STRICT_OBJC_MSGSEND = YES;
				ENABLE_TESTABILITY = YES;
				GCC_C_LANGUAGE_STANDARD = gnu11;
				GCC_DYNAMIC_NO_PIC = NO;
				GCC_NO_COMMON_BLOCKS = YES;
				GCC_OPTIMIZATION_LEVEL = 0;
				GCC_PREPROCESSOR_DEFINITIONS = (
					"DEBUG=1",
					"$(inherited)",
				);
				GCC_WARN_64_TO_32_BIT_CONVERSION = YES;
				GCC_WARN_ABOUT_RETURN_TYPE = YES_ERROR;
				GCC_WARN_UNDECLARED_SELECTOR = YES;
				GCC_WARN_UNINITIALIZED_AUTOS = YES_AGGRESSIVE;
				GCC_WARN_UNUSED_FUNCTION = YES;
				GCC_WARN_UNUSED_VARIABLE = YES;
				IPHONEOS_DEPLOYMENT_TARGET = 15.4;
				MTL_ENABLE_DEBUG_INFO = INCLUDE_SOURCE;
				MTL_FAST_MATH = YES;
				ONLY_ACTIVE_ARCH = YES;
				SDKROOT = iphoneos;
				SWIFT_ACTIVE_COMPILATION_CONDITIONS = DEBUG;
				SWIFT_OPTIMIZATION_LEVEL = "-Onone";
			};
			name = Debug;
		};
		3AD2B53D282A72BE00EA123D /* Release */ = {
			isa = XCBuildConfiguration;
			buildSettings = {
				ALWAYS_SEARCH_USER_PATHS = NO;
				CLANG_ANALYZER_NONNULL = YES;
				CLANG_ANALYZER_NUMBER_OBJECT_CONVERSION = YES_AGGRESSIVE;
				CLANG_CXX_LANGUAGE_STANDARD = "gnu++17";
				CLANG_ENABLE_MODULES = YES;
				CLANG_ENABLE_OBJC_ARC = YES;
				CLANG_ENABLE_OBJC_WEAK = YES;
				CLANG_WARN_BLOCK_CAPTURE_AUTORELEASING = YES;
				CLANG_WARN_BOOL_CONVERSION = YES;
				CLANG_WARN_COMMA = YES;
				CLANG_WARN_CONSTANT_CONVERSION = YES;
				CLANG_WARN_DEPRECATED_OBJC_IMPLEMENTATIONS = YES;
				CLANG_WARN_DIRECT_OBJC_ISA_USAGE = YES_ERROR;
				CLANG_WARN_DOCUMENTATION_COMMENTS = YES;
				CLANG_WARN_EMPTY_BODY = YES;
				CLANG_WARN_ENUM_CONVERSION = YES;
				CLANG_WARN_INFINITE_RECURSION = YES;
				CLANG_WARN_INT_CONVERSION = YES;
				CLANG_WARN_NON_LITERAL_NULL_CONVERSION = YES;
				CLANG_WARN_OBJC_IMPLICIT_RETAIN_SELF = YES;
				CLANG_WARN_OBJC_LITERAL_CONVERSION = YES;
				CLANG_WARN_OBJC_ROOT_CLASS = YES_ERROR;
				CLANG_WARN_QUOTED_INCLUDE_IN_FRAMEWORK_HEADER = YES;
				CLANG_WARN_RANGE_LOOP_ANALYSIS = YES;
				CLANG_WARN_STRICT_PROTOTYPES = YES;
				CLANG_WARN_SUSPICIOUS_MOVE = YES;
				CLANG_WARN_UNGUARDED_AVAILABILITY = YES_AGGRESSIVE;
				CLANG_WARN_UNREACHABLE_CODE = YES;
				CLANG_WARN__DUPLICATE_METHOD_MATCH = YES;
				COPY_PHASE_STRIP = NO;
				DEBUG_INFORMATION_FORMAT = "dwarf-with-dsym";
				ENABLE_NS_ASSERTIONS = NO;
				ENABLE_STRICT_OBJC_MSGSEND = YES;
				GCC_C_LANGUAGE_STANDARD = gnu11;
				GCC_NO_COMMON_BLOCKS = YES;
				GCC_WARN_64_TO_32_BIT_CONVERSION = YES;
				GCC_WARN_ABOUT_RETURN_TYPE = YES_ERROR;
				GCC_WARN_UNDECLARED_SELECTOR = YES;
				GCC_WARN_UNINITIALIZED_AUTOS = YES_AGGRESSIVE;
				GCC_WARN_UNUSED_FUNCTION = YES;
				GCC_WARN_UNUSED_VARIABLE = YES;
				IPHONEOS_DEPLOYMENT_TARGET = 15.4;
				MTL_ENABLE_DEBUG_INFO = NO;
				MTL_FAST_MATH = YES;
				SDKROOT = iphoneos;
				SWIFT_COMPILATION_MODE = wholemodule;
				SWIFT_OPTIMIZATION_LEVEL = "-O";
				VALIDATE_PRODUCT = YES;
			};
			name = Release;
		};
		3AD2B53F282A72BE00EA123D /* Debug */ = {
			isa = XCBuildConfiguration;
			buildSettings = {
				ASSETCATALOG_COMPILER_APPICON_NAME = AppIcon;
				ASSETCATALOG_COMPILER_GLOBAL_ACCENT_COLOR_NAME = AccentColor;
				CODE_SIGN_STYLE = Automatic;
				CURRENT_PROJECT_VERSION = 1;
				DEVELOPMENT_ASSET_PATHS = "\"recipesBook/Preview Content\"";
				DEVELOPMENT_TEAM = X6S824DCXB;
				ENABLE_PREVIEWS = YES;
				GENERATE_INFOPLIST_FILE = YES;
				INFOPLIST_KEY_UIApplicationSceneManifest_Generation = YES;
				INFOPLIST_KEY_UIApplicationSupportsIndirectInputEvents = YES;
				INFOPLIST_KEY_UILaunchScreen_Generation = YES;
				INFOPLIST_KEY_UISupportedInterfaceOrientations_iPad = "UIInterfaceOrientationPortrait UIInterfaceOrientationPortraitUpsideDown UIInterfaceOrientationLandscapeLeft UIInterfaceOrientationLandscapeRight";
				INFOPLIST_KEY_UISupportedInterfaceOrientations_iPhone = "UIInterfaceOrientationPortrait UIInterfaceOrientationLandscapeLeft UIInterfaceOrientationLandscapeRight";
				LD_RUNPATH_SEARCH_PATHS = (
					"$(inherited)",
					"@executable_path/Frameworks",
				);
				MARKETING_VERSION = 1.0;
				PRODUCT_BUNDLE_IDENTIFIER = golubeykov.recipesBook;
				PRODUCT_NAME = "$(TARGET_NAME)";
				SWIFT_EMIT_LOC_STRINGS = YES;
				SWIFT_VERSION = 5.0;
				TARGETED_DEVICE_FAMILY = "1,2";
			};
			name = Debug;
		};
		3AD2B540282A72BE00EA123D /* Release */ = {
			isa = XCBuildConfiguration;
			buildSettings = {
				ASSETCATALOG_COMPILER_APPICON_NAME = AppIcon;
				ASSETCATALOG_COMPILER_GLOBAL_ACCENT_COLOR_NAME = AccentColor;
				CODE_SIGN_STYLE = Automatic;
				CURRENT_PROJECT_VERSION = 1;
				DEVELOPMENT_ASSET_PATHS = "\"recipesBook/Preview Content\"";
				DEVELOPMENT_TEAM = X6S824DCXB;
				ENABLE_PREVIEWS = YES;
				GENERATE_INFOPLIST_FILE = YES;
				INFOPLIST_KEY_UIApplicationSceneManifest_Generation = YES;
				INFOPLIST_KEY_UIApplicationSupportsIndirectInputEvents = YES;
				INFOPLIST_KEY_UILaunchScreen_Generation = YES;
				INFOPLIST_KEY_UISupportedInterfaceOrientations_iPad = "UIInterfaceOrientationPortrait UIInterfaceOrientationPortraitUpsideDown UIInterfaceOrientationLandscapeLeft UIInterfaceOrientationLandscapeRight";
				INFOPLIST_KEY_UISupportedInterfaceOrientations_iPhone = "UIInterfaceOrientationPortrait UIInterfaceOrientationLandscapeLeft UIInterfaceOrientationLandscapeRight";
				LD_RUNPATH_SEARCH_PATHS = (
					"$(inherited)",
					"@executable_path/Frameworks",
				);
				MARKETING_VERSION = 1.0;
				PRODUCT_BUNDLE_IDENTIFIER = golubeykov.recipesBook;
				PRODUCT_NAME = "$(TARGET_NAME)";
				SWIFT_EMIT_LOC_STRINGS = YES;
				SWIFT_VERSION = 5.0;
				TARGETED_DEVICE_FAMILY = "1,2";
			};
			name = Release;
		};
/* End XCBuildConfiguration section */

/* Begin XCConfigurationList section */
		3AD2B52B282A72BB00EA123D /* Build configuration list for PBXProject "recipesBook" */ = {
			isa = XCConfigurationList;
			buildConfigurations = (
				3AD2B53C282A72BE00EA123D /* Debug */,
				3AD2B53D282A72BE00EA123D /* Release */,
			);
			defaultConfigurationIsVisible = 0;
			defaultConfigurationName = Release;
		};
		3AD2B53E282A72BE00EA123D /* Build configuration list for PBXNativeTarget "recipesBook" */ = {
			isa = XCConfigurationList;
			buildConfigurations = (
				3AD2B53F282A72BE00EA123D /* Debug */,
				3AD2B540282A72BE00EA123D /* Release */,
			);
			defaultConfigurationIsVisible = 0;
			defaultConfigurationName = Release;
		};
/* End XCConfigurationList section */
	};
	rootObject = 3AD2B528282A72BB00EA123D /* Project object */;
}
